
Microsoft Visual Studio Solution File, Format Version 12.00
# Visual Studio 15
VisualStudioVersion = 15.0.28307.271
MinimumVisualStudioVersion = 10.0.40219.1
Project("{FAE04EC0-301F-11D3-BF4B-00C04F79EFBC}") = "Sample05", "Sample05\Sample05.csproj", "{C0D5E0A1-B21C-41F7-A631-86DF664999A6}"
EndProject
Global
	GlobalSection(SolutionConfigurationPlatforms) = preSolution
		Debug|Any CPU = Debug|Any CPU
		Release|Any CPU = Release|Any CPU
	EndGlobalSection
	GlobalSection(ProjectConfigurationPlatforms) = postSolution
		{C0D5E0A1-B21C-41F7-A631-86DF664999A6}.Debug|Any CPU.ActiveCfg = Debug|Any CPU
		{C0D5E0A1-B21C-41F7-A631-86DF664999A6}.Debug|Any CPU.Build.0 = Debug|Any CPU
		{C0D5E0A1-B21C-41F7-A631-86DF664999A6}.Release|Any CPU.ActiveCfg = Release|Any CPU
		{C0D5E0A1-B21C-41F7-A631-86DF664999A6}.Release|Any CPU.Build.0 = Release|Any CPU
	EndGlobalSection
	GlobalSection(SolutionProperties) = preSolution
		HideSolutionNode = FALSE
	EndGlobalSection
	GlobalSection(ExtensibilityGlobals) = postSolution
		SolutionGuid = {B66AD3AA-4B83-41D7-8378-C35D4E651087}
	EndGlobalSection
EndGlobal
