
Microsoft Visual Studio Solution File, Format Version 12.00
# Visual Studio 15
VisualStudioVersion = 15.0.28307.271
MinimumVisualStudioVersion = 10.0.40219.1
Project("{FAE04EC0-301F-11D3-BF4B-00C04F79EFBC}") = "Sample01", "Sample01\Sample01.csproj", "{CE69DBF4-D499-4F95-82AA-E04492ACF5F8}"
EndProject
Global
	GlobalSection(SolutionConfigurationPlatforms) = preSolution
		Debug|Any CPU = Debug|Any CPU
		Release|Any CPU = Release|Any CPU
	EndGlobalSection
	GlobalSection(ProjectConfigurationPlatforms) = postSolution
		{CE69DBF4-D499-4F95-82AA-E04492ACF5F8}.Debug|Any CPU.ActiveCfg = Debug|Any CPU
		{CE69DBF4-D499-4F95-82AA-E04492ACF5F8}.Debug|Any CPU.Build.0 = Debug|Any CPU
		{CE69DBF4-D499-4F95-82AA-E04492ACF5F8}.Release|Any CPU.ActiveCfg = Release|Any CPU
		{CE69DBF4-D499-4F95-82AA-E04492ACF5F8}.Release|Any CPU.Build.0 = Release|Any CPU
	EndGlobalSection
	GlobalSection(SolutionProperties) = preSolution
		HideSolutionNode = FALSE
	EndGlobalSection
	GlobalSection(ExtensibilityGlobals) = postSolution
		SolutionGuid = {2DA88B9F-FBD1-484F-BAA5-938FC72A64E2}
	EndGlobalSection
EndGlobal
